
Microsoft Visual Studio Solution File, Format Version 12.00
# Visual Studio Version 17
VisualStudioVersion = 17.11.35312.102
MinimumVisualStudioVersion = 10.0.40219.1
Project("{FAE04EC0-301F-11D3-BF4B-00C04F79EFBC}") = "MiniJiraWeb", "MiniJiraWeb\MiniJiraWeb.csproj", "{BBC088A1-3459-4F31-8209-7F901B7FC17B}"
EndProject
Project("{2150E333-8FDC-42A3-9474-1A3956D46DE8}") = "ApplicationDb", "ApplicationDb", "{AC0643FB-D63C-40E7-A2E4-B7300F1F494B}"
EndProject
Project("{FAE04EC0-301F-11D3-BF4B-00C04F79EFBC}") = "DataBase", "DataBase\DataBase.csproj", "{52B3BDA9-ABEB-4E0B-9073-697B21DA4C58}"
EndProject
Global
	GlobalSection(SolutionConfigurationPlatforms) = preSolution
		Debug|Any CPU = Debug|Any CPU
		Release|Any CPU = Release|Any CPU
	EndGlobalSection
	GlobalSection(ProjectConfigurationPlatforms) = postSolution
		{BBC088A1-3459-4F31-8209-7F901B7FC17B}.Debug|Any CPU.ActiveCfg = Debug|Any CPU
		{BBC088A1-3459-4F31-8209-7F901B7FC17B}.Debug|Any CPU.Build.0 = Debug|Any CPU
		{BBC088A1-3459-4F31-8209-7F901B7FC17B}.Release|Any CPU.ActiveCfg = Release|Any CPU
		{BBC088A1-3459-4F31-8209-7F901B7FC17B}.Release|Any CPU.Build.0 = Release|Any CPU
		{52B3BDA9-ABEB-4E0B-9073-697B21DA4C58}.Debug|Any CPU.ActiveCfg = Debug|Any CPU
		{52B3BDA9-ABEB-4E0B-9073-697B21DA4C58}.Debug|Any CPU.Build.0 = Debug|Any CPU
		{52B3BDA9-ABEB-4E0B-9073-697B21DA4C58}.Release|Any CPU.ActiveCfg = Release|Any CPU
		{52B3BDA9-ABEB-4E0B-9073-697B21DA4C58}.Release|Any CPU.Build.0 = Release|Any CPU
	EndGlobalSection
	GlobalSection(SolutionProperties) = preSolution
		HideSolutionNode = FALSE
	EndGlobalSection
	GlobalSection(NestedProjects) = preSolution
		{52B3BDA9-ABEB-4E0B-9073-697B21DA4C58} = {AC0643FB-D63C-40E7-A2E4-B7300F1F494B}
	EndGlobalSection
	GlobalSection(ExtensibilityGlobals) = postSolution
		SolutionGuid = {2918A670-7166-4A2D-9019-06322E384501}
	EndGlobalSection
EndGlobal
